// !$*UTF8*$!
{
	archiveVersion = 1;
	classes = {
	};
	objectVersion = 55;
	objects = {

/* Begin PBXBuildFile section */
		1C05B57C28D9034400A277C0 /* VideoCollectionApp.swift in Sources */ = {isa = PBXBuildFile; fileRef = 1C05B57B28D9034400A277C0 /* VideoCollectionApp.swift */; };
		1C05B57E28D9034400A277C0 /* ContentView.swift in Sources */ = {isa = PBXBuildFile; fileRef = 1C05B57D28D9034400A277C0 /* ContentView.swift */; };
		1C05B58028D9034600A277C0 /* Assets.xcassets in Resources */ = {isa = PBXBuildFile; fileRef = 1C05B57F28D9034600A277C0 /* Assets.xcassets */; };
		1C05B58328D9034600A277C0 /* Preview Assets.xcassets in Resources */ = {isa = PBXBuildFile; fileRef = 1C05B58228D9034600A277C0 /* Preview Assets.xcassets */; };
		1C05B58E28D903AD00A277C0 /* Data.json in Resources */ = {isa = PBXBuildFile; fileRef = 1C05B58D28D903AD00A277C0 /* Data.json */; };
		1C05B59028D90A6B00A277C0 /* Models.swift in Sources */ = {isa = PBXBuildFile; fileRef = 1C05B58F28D90A6B00A277C0 /* Models.swift */; };
		1C05B59228D90AF500A277C0 /* VideoModels.swift in Sources */ = {isa = PBXBuildFile; fileRef = 1C05B59128D90AF500A277C0 /* VideoModels.swift */; };
		1C05B59428D9104900A277C0 /* VideoPage.swift in Sources */ = {isa = PBXBuildFile; fileRef = 1C05B59328D9104900A277C0 /* VideoPage.swift */; };
/* End PBXBuildFile section */

/* Begin PBXFileReference section */
		1C05B57828D9034400A277C0 /* VideoCollection.app */ = {isa = PBXFileReference; explicitFileType = wrapper.application; includeInIndex = 0; path = VideoCollection.app; sourceTree = BUILT_PRODUCTS_DIR; };
		1C05B57B28D9034400A277C0 /* VideoCollectionApp.swift */ = {isa = PBXFileReference; lastKnownFileType = sourcecode.swift; path = VideoCollectionApp.swift; sourceTree = "<group>"; };
		1C05B57D28D9034400A277C0 /* ContentView.swift */ = {isa = PBXFileReference; lastKnownFileType = sourcecode.swift; path = ContentView.swift; sourceTree = "<group>"; };
		1C05B57F28D9034600A277C0 /* Assets.xcassets */ = {isa = PBXFileReference; lastKnownFileType = folder.assetcatalog; path = Assets.xcassets; sourceTree = "<group>"; };
		1C05B58228D9034600A277C0 /* Preview Assets.xcassets */ = {isa = PBXFileReference; lastKnownFileType = folder.assetcatalog; path = "Preview Assets.xcassets"; sourceTree = "<group>"; };
		1C05B58D28D903AD00A277C0 /* Data.json */ = {isa = PBXFileReference; fileEncoding = 4; lastKnownFileType = text.json; name = Data.json; path = "../../../../../iOS Foundation course resources/Module 5/Wrap Up Challenge/Data.json"; sourceTree = "<group>"; };
		1C05B58F28D90A6B00A277C0 /* Models.swift */ = {isa = PBXFileReference; lastKnownFileType = sourcecode.swift; path = Models.swift; sourceTree = "<group>"; };
		1C05B59128D90AF500A277C0 /* VideoModels.swift */ = {isa = PBXFileReference; lastKnownFileType = sourcecode.swift; path = VideoModels.swift; sourceTree = "<group>"; };
		1C05B59328D9104900A277C0 /* VideoPage.swift */ = {isa = PBXFileReference; lastKnownFileType = sourcecode.swift; path = VideoPage.swift; sourceTree = "<group>"; };
/* End PBXFileReference section */

/* Begin PBXFrameworksBuildPhase section */
		1C05B57528D9034400A277C0 /* Frameworks */ = {
			isa = PBXFrameworksBuildPhase;
			buildActionMask = 2147483647;
			files = (
			);
			runOnlyForDeploymentPostprocessing = 0;
		};
/* End PBXFrameworksBuildPhase section */

/* Begin PBXGroup section */
		1C05B56F28D9034400A277C0 = {
			isa = PBXGroup;
			children = (
				1C05B57A28D9034400A277C0 /* VideoCollection */,
				1C05B57928D9034400A277C0 /* Products */,
			);
			sourceTree = "<group>";
		};
		1C05B57928D9034400A277C0 /* Products */ = {
			isa = PBXGroup;
			children = (
				1C05B57828D9034400A277C0 /* VideoCollection.app */,
			);
			name = Products;
			sourceTree = "<group>";
		};
		1C05B57A28D9034400A277C0 /* VideoCollection */ = {
			isa = PBXGroup;
			children = (
				1C05B57B28D9034400A277C0 /* VideoCollectionApp.swift */,
				1C05B58C28D9037C00A277C0 /* Resources */,
				1C05B58B28D9036600A277C0 /* ViewModels */,
				1C05B58A28D9035F00A277C0 /* Views */,
				1C05B58928D9035700A277C0 /* Models */,
				1C05B57F28D9034600A277C0 /* Assets.xcassets */,
				1C05B58128D9034600A277C0 /* Preview Content */,
			);
			path = VideoCollection;
			sourceTree = "<group>";
		};
		1C05B58128D9034600A277C0 /* Preview Content */ = {
			isa = PBXGroup;
			children = (
				1C05B58228D9034600A277C0 /* Preview Assets.xcassets */,
			);
			path = "Preview Content";
			sourceTree = "<group>";
		};
		1C05B58928D9035700A277C0 /* Models */ = {
			isa = PBXGroup;
			children = (
				1C05B58F28D90A6B00A277C0 /* Models.swift */,
			);
			path = Models;
			sourceTree = "<group>";
		};
		1C05B58A28D9035F00A277C0 /* Views */ = {
			isa = PBXGroup;
			children = (
				1C05B57D28D9034400A277C0 /* ContentView.swift */,
				1C05B59328D9104900A277C0 /* VideoPage.swift */,
			);
			path = Views;
			sourceTree = "<group>";
		};
		1C05B58B28D9036600A277C0 /* ViewModels */ = {
			isa = PBXGroup;
			children = (
				1C05B59128D90AF500A277C0 /* VideoModels.swift */,
			);
			path = ViewModels;
			sourceTree = "<group>";
		};
		1C05B58C28D9037C00A277C0 /* Resources */ = {
			isa = PBXGroup;
			children = (
				1C05B58D28D903AD00A277C0 /* Data.json */,
			);
			path = Resources;
			sourceTree = "<group>";
		};
/* End PBXGroup section */

/* Begin PBXNativeTarget section */
		1C05B57728D9034400A277C0 /* VideoCollection */ = {
			isa = PBXNativeTarget;
			buildConfigurationList = 1C05B58628D9034600A277C0 /* Build configuration list for PBXNativeTarget "VideoCollection" */;
			buildPhases = (
				1C05B57428D9034400A277C0 /* Sources */,
				1C05B57528D9034400A277C0 /* Frameworks */,
				1C05B57628D9034400A277C0 /* Resources */,
			);
			buildRules = (
			);
			dependencies = (
			);
			name = VideoCollection;
			productName = VideoCollection;
			productReference = 1C05B57828D9034400A277C0 /* VideoCollection.app */;
			productType = "com.apple.product-type.application";
		};
/* End PBXNativeTarget section */

/* Begin PBXProject section */
		1C05B57028D9034400A277C0 /* Project object */ = {
			isa = PBXProject;
			attributes = {
				BuildIndependentTargetsInParallel = 1;
				LastSwiftUpdateCheck = 1340;
				LastUpgradeCheck = 1340;
				TargetAttributes = {
					1C05B57728D9034400A277C0 = {
						CreatedOnToolsVersion = 13.4.1;
					};
				};
			};
			buildConfigurationList = 1C05B57328D9034400A277C0 /* Build configuration list for PBXProject "VideoCollection" */;
			compatibilityVersion = "Xcode 13.0";
			developmentRegion = en;
			hasScannedForEncodings = 0;
			knownRegions = (
				en,
				Base,
			);
			mainGroup = 1C05B56F28D9034400A277C0;
			productRefGroup = 1C05B57928D9034400A277C0 /* Products */;
			projectDirPath = "";
			projectRoot = "";
			targets = (
				1C05B57728D9034400A277C0 /* VideoCollection */,
			);
		};
/* End PBXProject section */

/* Begin PBXResourcesBuildPhase section */
		1C05B57628D9034400A277C0 /* Resources */ = {
			isa = PBXResourcesBuildPhase;
			buildActionMask = 2147483647;
			files = (
				1C05B58328D9034600A277C0 /* Preview Assets.xcassets in Resources */,
				1C05B58028D9034600A277C0 /* Assets.xcassets in Resources */,
				1C05B58E28D903AD00A277C0 /* Data.json in Resources */,
			);
			runOnlyForDeploymentPostprocessing = 0;
		};
/* End PBXResourcesBuildPhase section */

/* Begin PBXSourcesBuildPhase section */
		1C05B57428D9034400A277C0 /* Sources */ = {
			isa = PBXSourcesBuildPhase;
			buildActionMask = 2147483647;
			files = (
				1C05B59028D90A6B00A277C0 /* Models.swift in Sources */,
				1C05B57E28D9034400A277C0 /* ContentView.swift in Sources */,
				1C05B59428D9104900A277C0 /* VideoPage.swift in Sources */,
				1C05B57C28D9034400A277C0 /* VideoCollectionApp.swift in Sources */,
				1C05B59228D90AF500A277C0 /* VideoModels.swift in Sources */,
			);
			runOnlyForDeploymentPostprocessing = 0;
		};
/* End PBXSourcesBuildPhase section */

/* Begin XCBuildConfiguration section */
		1C05B58428D9034600A277C0 /* Debug */ = {
			isa = XCBuildConfiguration;
			buildSettings = {
				ALWAYS_SEARCH_USER_PATHS = NO;
				CLANG_ANALYZER_NONNULL = YES;
				CLANG_ANALYZER_NUMBER_OBJECT_CONVERSION = YES_AGGRESSIVE;
				CLANG_CXX_LANGUAGE_STANDARD = "gnu++17";
				CLANG_ENABLE_MODULES = YES;
				CLANG_ENABLE_OBJC_ARC = YES;
				CLANG_ENABLE_OBJC_WEAK = YES;
				CLANG_WARN_BLOCK_CAPTURE_AUTORELEASING = YES;
				CLANG_WARN_BOOL_CONVERSION = YES;
				CLANG_WARN_COMMA = YES;
				CLANG_WARN_CONSTANT_CONVERSION = YES;
				CLANG_WARN_DEPRECATED_OBJC_IMPLEMENTATIONS = YES;
				CLANG_WARN_DIRECT_OBJC_ISA_USAGE = YES_ERROR;
				CLANG_WARN_DOCUMENTATION_COMMENTS = YES;
				CLANG_WARN_EMPTY_BODY = YES;
				CLANG_WARN_ENUM_CONVERSION = YES;
				CLANG_WARN_INFINITE_RECURSION = YES;
				CLANG_WARN_INT_CONVERSION = YES;
				CLANG_WARN_NON_LITERAL_NULL_CONVERSION = YES;
				CLANG_WARN_OBJC_IMPLICIT_RETAIN_SELF = YES;
				CLANG_WARN_OBJC_LITERAL_CONVERSION = YES;
				CLANG_WARN_OBJC_ROOT_CLASS = YES_ERROR;
				CLANG_WARN_QUOTED_INCLUDE_IN_FRAMEWORK_HEADER = YES;
				CLANG_WARN_RANGE_LOOP_ANALYSIS = YES;
				CLANG_WARN_STRICT_PROTOTYPES = YES;
				CLANG_WARN_SUSPICIOUS_MOVE = YES;
				CLANG_WARN_UNGUARDED_AVAILABILITY = YES_AGGRESSIVE;
				CLANG_WARN_UNREACHABLE_CODE = YES;
				CLANG_WARN__DUPLICATE_METHOD_MATCH = YES;
				COPY_PHASE_STRIP = NO;
				DEBUG_INFORMATION_FORMAT = dwarf;
				ENABLE_STRICT_OBJC_MSGSEND = YES;
				ENABLE_TESTABILITY = YES;
				GCC_C_LANGUAGE_STANDARD = gnu11;
				GCC_DYNAMIC_NO_PIC = NO;
				GCC_NO_COMMON_BLOCKS = YES;
				GCC_OPTIMIZATION_LEVEL = 0;
				GCC_PREPROCESSOR_DEFINITIONS = (
					"DEBUG=1",
					"$(inherited)",
				);
				GCC_WARN_64_TO_32_BIT_CONVERSION = YES;
				GCC_WARN_ABOUT_RETURN_TYPE = YES_ERROR;
				GCC_WARN_UNDECLARED_SELECTOR = YES;
				GCC_WARN_UNINITIALIZED_AUTOS = YES_AGGRESSIVE;
				GCC_WARN_UNUSED_FUNCTION = YES;
				GCC_WARN_UNUSED_VARIABLE = YES;
				IPHONEOS_DEPLOYMENT_TARGET = 15.5;
				MTL_ENABLE_DEBUG_INFO = INCLUDE_SOURCE;
				MTL_FAST_MATH = YES;
				ONLY_ACTIVE_ARCH = YES;
				SDKROOT = iphoneos;
				SWIFT_ACTIVE_COMPILATION_CONDITIONS = DEBUG;
				SWIFT_OPTIMIZATION_LEVEL = "-Onone";
			};
			name = Debug;
		};
		1C05B58528D9034600A277C0 /* Release */ = {
			isa = XCBuildConfiguration;
			buildSettings = {
				ALWAYS_SEARCH_USER_PATHS = NO;
				CLANG_ANALYZER_NONNULL = YES;
				CLANG_ANALYZER_NUMBER_OBJECT_CONVERSION = YES_AGGRESSIVE;
				CLANG_CXX_LANGUAGE_STANDARD = "gnu++17";
				CLANG_ENABLE_MODULES = YES;
				CLANG_ENABLE_OBJC_ARC = YES;
				CLANG_ENABLE_OBJC_WEAK = YES;
				CLANG_WARN_BLOCK_CAPTURE_AUTORELEASING = YES;
				CLANG_WARN_BOOL_CONVERSION = YES;
				CLANG_WARN_COMMA = YES;
				CLANG_WARN_CONSTANT_CONVERSION = YES;
				CLANG_WARN_DEPRECATED_OBJC_IMPLEMENTATIONS = YES;
				CLANG_WARN_DIRECT_OBJC_ISA_USAGE = YES_ERROR;
				CLANG_WARN_DOCUMENTATION_COMMENTS = YES;
				CLANG_WARN_EMPTY_BODY = YES;
				CLANG_WARN_ENUM_CONVERSION = YES;
				CLANG_WARN_INFINITE_RECURSION = YES;
				CLANG_WARN_INT_CONVERSION = YES;
				CLANG_WARN_NON_LITERAL_NULL_CONVERSION = YES;
				CLANG_WARN_OBJC_IMPLICIT_RETAIN_SELF = YES;
				CLANG_WARN_OBJC_LITERAL_CONVERSION = YES;
				CLANG_WARN_OBJC_ROOT_CLASS = YES_ERROR;
				CLANG_WARN_QUOTED_INCLUDE_IN_FRAMEWORK_HEADER = YES;
				CLANG_WARN_RANGE_LOOP_ANALYSIS = YES;
				CLANG_WARN_STRICT_PROTOTYPES = YES;
				CLANG_WARN_SUSPICIOUS_MOVE = YES;
				CLANG_WARN_UNGUARDED_AVAILABILITY = YES_AGGRESSIVE;
				CLANG_WARN_UNREACHABLE_CODE = YES;
				CLANG_WARN__DUPLICATE_METHOD_MATCH = YES;
				COPY_PHASE_STRIP = NO;
				DEBUG_INFORMATION_FORMAT = "dwarf-with-dsym";
				ENABLE_NS_ASSERTIONS = NO;
				ENABLE_STRICT_OBJC_MSGSEND = YES;
				GCC_C_LANGUAGE_STANDARD = gnu11;
				GCC_NO_COMMON_BLOCKS = YES;
				GCC_WARN_64_TO_32_BIT_CONVERSION = YES;
				GCC_WARN_ABOUT_RETURN_TYPE = YES_ERROR;
				GCC_WARN_UNDECLARED_SELECTOR = YES;
				GCC_WARN_UNINITIALIZED_AUTOS = YES_AGGRESSIVE;
				GCC_WARN_UNUSED_FUNCTION = YES;
				GCC_WARN_UNUSED_VARIABLE = YES;
				IPHONEOS_DEPLOYMENT_TARGET = 15.5;
				MTL_ENABLE_DEBUG_INFO = NO;
				MTL_FAST_MATH = YES;
				SDKROOT = iphoneos;
				SWIFT_COMPILATION_MODE = wholemodule;
				SWIFT_OPTIMIZATION_LEVEL = "-O";
				VALIDATE_PRODUCT = YES;
			};
			name = Release;
		};
		1C05B58728D9034600A277C0 /* Debug */ = {
			isa = XCBuildConfiguration;
			buildSettings = {
				ASSETCATALOG_COMPILER_APPICON_NAME = AppIcon;
				ASSETCATALOG_COMPILER_GLOBAL_ACCENT_COLOR_NAME = AccentColor;
				CODE_SIGN_STYLE = Automatic;
				CURRENT_PROJECT_VERSION = 1;
				DEVELOPMENT_ASSET_PATHS = "\"VideoCollection/Preview Content\"";
				DEVELOPMENT_TEAM = F6UG87VL4G;
				ENABLE_PREVIEWS = YES;
				GENERATE_INFOPLIST_FILE = YES;
				INFOPLIST_KEY_UIApplicationSceneManifest_Generation = YES;
				INFOPLIST_KEY_UIApplicationSupportsIndirectInputEvents = YES;
				INFOPLIST_KEY_UILaunchScreen_Generation = YES;
				INFOPLIST_KEY_UISupportedInterfaceOrientations_iPad = "UIInterfaceOrientationPortrait UIInterfaceOrientationPortraitUpsideDown UIInterfaceOrientationLandscapeLeft UIInterfaceOrientationLandscapeRight";
				INFOPLIST_KEY_UISupportedInterfaceOrientations_iPhone = "UIInterfaceOrientationPortrait UIInterfaceOrientationLandscapeLeft UIInterfaceOrientationLandscapeRight";
				LD_RUNPATH_SEARCH_PATHS = (
					"$(inherited)",
					"@executable_path/Frameworks",
				);
				MARKETING_VERSION = 1.0;
				PRODUCT_BUNDLE_IDENTIFIER = letsdoit.VideoCollection;
				PRODUCT_NAME = "$(TARGET_NAME)";
				SWIFT_EMIT_LOC_STRINGS = YES;
				SWIFT_VERSION = 5.0;
				TARGETED_DEVICE_FAMILY = "1,2";
			};
			name = Debug;
		};
		1C05B58828D9034600A277C0 /* Release */ = {
			isa = XCBuildConfiguration;
			buildSettings = {
				ASSETCATALOG_COMPILER_APPICON_NAME = AppIcon;
				ASSETCATALOG_COMPILER_GLOBAL_ACCENT_COLOR_NAME = AccentColor;
				CODE_SIGN_STYLE = Automatic;
				CURRENT_PROJECT_VERSION = 1;
				DEVELOPMENT_ASSET_PATHS = "\"VideoCollection/Preview Content\"";
				DEVELOPMENT_TEAM = F6UG87VL4G;
				ENABLE_PREVIEWS = YES;
				GENERATE_INFOPLIST_FILE = YES;
				INFOPLIST_KEY_UIApplicationSceneManifest_Generation = YES;
				INFOPLIST_KEY_UIApplicationSupportsIndirectInputEvents = YES;
				INFOPLIST_KEY_UILaunchScreen_Generation = YES;
				INFOPLIST_KEY_UISupportedInterfaceOrientations_iPad = "UIInterfaceOrientationPortrait UIInterfaceOrientationPortraitUpsideDown UIInterfaceOrientationLandscapeLeft UIInterfaceOrientationLandscapeRight";
				INFOPLIST_KEY_UISupportedInterfaceOrientations_iPhone = "UIInterfaceOrientationPortrait UIInterfaceOrientationLandscapeLeft UIInterfaceOrientationLandscapeRight";
				LD_RUNPATH_SEARCH_PATHS = (
					"$(inherited)",
					"@executable_path/Frameworks",
				);
				MARKETING_VERSION = 1.0;
				PRODUCT_BUNDLE_IDENTIFIER = letsdoit.VideoCollection;
				PRODUCT_NAME = "$(TARGET_NAME)";
				SWIFT_EMIT_LOC_STRINGS = YES;
				SWIFT_VERSION = 5.0;
				TARGETED_DEVICE_FAMILY = "1,2";
			};
			name = Release;
		};
/* End XCBuildConfiguration section */

/* Begin XCConfigurationList section */
		1C05B57328D9034400A277C0 /* Build configuration list for PBXProject "VideoCollection" */ = {
			isa = XCConfigurationList;
			buildConfigurations = (
				1C05B58428D9034600A277C0 /* Debug */,
				1C05B58528D9034600A277C0 /* Release */,
			);
			defaultConfigurationIsVisible = 0;
			defaultConfigurationName = Release;
		};
		1C05B58628D9034600A277C0 /* Build configuration list for PBXNativeTarget "VideoCollection" */ = {
			isa = XCConfigurationList;
			buildConfigurations = (
				1C05B58728D9034600A277C0 /* Debug */,
				1C05B58828D9034600A277C0 /* Release */,
			);
			defaultConfigurationIsVisible = 0;
			defaultConfigurationName = Release;
		};
/* End XCConfigurationList section */
	};
	rootObject = 1C05B57028D9034400A277C0 /* Project object */;
}
